
Microsoft Visual Studio Solution File, Format Version 9.00
# Visual C# Express 2005
Project("{FAE04EC0-301F-11D3-BF4B-00C04F79EFBC}") = "Simpsons Game", "Simpsons Game\Simpsons Game.csproj", "{FFF0CD78-A7E9-4335-A5D5-8DFF8C02ACD0}"
EndProject
Global
	GlobalSection(SolutionConfigurationPlatforms) = preSolution
		Debug|Any CPU = Debug|Any CPU
		Release|Any CPU = Release|Any CPU
	EndGlobalSection
	GlobalSection(ProjectConfigurationPlatforms) = postSolution
		{FFF0CD78-A7E9-4335-A5D5-8DFF8C02ACD0}.Debug|Any CPU.ActiveCfg = Debug|Any CPU
		{FFF0CD78-A7E9-4335-A5D5-8DFF8C02ACD0}.Debug|Any CPU.Build.0 = Debug|Any CPU
		{FFF0CD78-A7E9-4335-A5D5-8DFF8C02ACD0}.Release|Any CPU.ActiveCfg = Release|Any CPU
		{FFF0CD78-A7E9-4335-A5D5-8DFF8C02ACD0}.Release|Any CPU.Build.0 = Release|Any CPU
	EndGlobalSection
	GlobalSection(SolutionProperties) = preSolution
		HideSolutionNode = FALSE
	EndGlobalSection
EndGlobal
