
Microsoft Visual Studio Solution File, Format Version 9.00
# Visual C# Express 2005
Project("{FAE04EC0-301F-11D3-BF4B-00C04F79EFBC}") = "FMACatCatcher", "FMACatCatcher\FMACatCatcher.csproj", "{F4D1F839-15D5-4553-AB5F-51004CDE92E1}"
EndProject
Global
	GlobalSection(SolutionConfigurationPlatforms) = preSolution
		Debug|Any CPU = Debug|Any CPU
		Release|Any CPU = Release|Any CPU
	EndGlobalSection
	GlobalSection(ProjectConfigurationPlatforms) = postSolution
		{F4D1F839-15D5-4553-AB5F-51004CDE92E1}.Debug|Any CPU.ActiveCfg = Debug|Any CPU
		{F4D1F839-15D5-4553-AB5F-51004CDE92E1}.Debug|Any CPU.Build.0 = Debug|Any CPU
		{F4D1F839-15D5-4553-AB5F-51004CDE92E1}.Release|Any CPU.ActiveCfg = Release|Any CPU
		{F4D1F839-15D5-4553-AB5F-51004CDE92E1}.Release|Any CPU.Build.0 = Release|Any CPU
	EndGlobalSection
	GlobalSection(SolutionProperties) = preSolution
		HideSolutionNode = FALSE
	EndGlobalSection
EndGlobal
