
Microsoft Visual Studio Solution File, Format Version 10.00
# Visual C# Express 2008
Project("{FAE04EC0-301F-11D3-BF4B-00C04F79EFBC}") = "FINAL-GAME", "FINAL-GAME\FINAL-GAME.csproj", "{DA70985B-F450-498A-97E9-DC09DA94AD7C}"
EndProject
Global
	GlobalSection(SolutionConfigurationPlatforms) = preSolution
		Debug|Any CPU = Debug|Any CPU
		Release|Any CPU = Release|Any CPU
	EndGlobalSection
	GlobalSection(ProjectConfigurationPlatforms) = postSolution
		{DA70985B-F450-498A-97E9-DC09DA94AD7C}.Debug|Any CPU.ActiveCfg = Debug|Any CPU
		{DA70985B-F450-498A-97E9-DC09DA94AD7C}.Debug|Any CPU.Build.0 = Debug|Any CPU
		{DA70985B-F450-498A-97E9-DC09DA94AD7C}.Release|Any CPU.ActiveCfg = Release|Any CPU
		{DA70985B-F450-498A-97E9-DC09DA94AD7C}.Release|Any CPU.Build.0 = Release|Any CPU
	EndGlobalSection
	GlobalSection(SolutionProperties) = preSolution
		HideSolutionNode = FALSE
	EndGlobalSection
EndGlobal
